
Microsoft Visual Studio Solution File, Format Version 12.00
# Visual Studio 15
VisualStudioVersion = 15.0.28010.2036
MinimumVisualStudioVersion = 10.0.40219.1
Project("{FAE04EC0-301F-11D3-BF4B-00C04F79EFBC}") = "PushReproXamarin.Android", "PushReproXamarin\PushReproXamarin.Android\PushReproXamarin.Android.csproj", "{99E7178E-7586-47B1-A04D-60C76818D651}"
EndProject
Project("{FAE04EC0-301F-11D3-BF4B-00C04F79EFBC}") = "PushReproXamarin.iOS", "PushReproXamarin\PushReproXamarin.iOS\PushReproXamarin.iOS.csproj", "{BC250EEC-FCD1-491D-AAF5-DD8E663176FE}"
EndProject
Project("{FAE04EC0-301F-11D3-BF4B-00C04F79EFBC}") = "PushReproXamarin", "PushReproXamarin\PushReproXamarin\PushReproXamarin.csproj", "{D40F76A3-256F-45C8-B38D-333286F830A2}"
EndProject
Global
	GlobalSection(SolutionConfigurationPlatforms) = preSolution
		Ad-Hoc|Any CPU = Ad-Hoc|Any CPU
		Ad-Hoc|iPhone = Ad-Hoc|iPhone
		Ad-Hoc|iPhoneSimulator = Ad-Hoc|iPhoneSimulator
		AppStore|Any CPU = AppStore|Any CPU
		AppStore|iPhone = AppStore|iPhone
		AppStore|iPhoneSimulator = AppStore|iPhoneSimulator
		Debug|Any CPU = Debug|Any CPU
		Debug|iPhone = Debug|iPhone
		Debug|iPhoneSimulator = Debug|iPhoneSimulator
		Release|Any CPU = Release|Any CPU
		Release|iPhone = Release|iPhone
		Release|iPhoneSimulator = Release|iPhoneSimulator
	EndGlobalSection
	GlobalSection(ProjectConfigurationPlatforms) = postSolution
		{99E7178E-7586-47B1-A04D-60C76818D651}.Ad-Hoc|Any CPU.ActiveCfg = Release|Any CPU
		{99E7178E-7586-47B1-A04D-60C76818D651}.Ad-Hoc|Any CPU.Build.0 = Release|Any CPU
		{99E7178E-7586-47B1-A04D-60C76818D651}.Ad-Hoc|Any CPU.Deploy.0 = Release|Any CPU
		{99E7178E-7586-47B1-A04D-60C76818D651}.Ad-Hoc|iPhone.ActiveCfg = Release|Any CPU
		{99E7178E-7586-47B1-A04D-60C76818D651}.Ad-Hoc|iPhone.Build.0 = Release|Any CPU
		{99E7178E-7586-47B1-A04D-60C76818D651}.Ad-Hoc|iPhone.Deploy.0 = Release|Any CPU
		{99E7178E-7586-47B1-A04D-60C76818D651}.Ad-Hoc|iPhoneSimulator.ActiveCfg = Release|Any CPU
		{99E7178E-7586-47B1-A04D-60C76818D651}.Ad-Hoc|iPhoneSimulator.Build.0 = Release|Any CPU
		{99E7178E-7586-47B1-A04D-60C76818D651}.Ad-Hoc|iPhoneSimulator.Deploy.0 = Release|Any CPU
		{99E7178E-7586-47B1-A04D-60C76818D651}.AppStore|Any CPU.ActiveCfg = Release|Any CPU
		{99E7178E-7586-47B1-A04D-60C76818D651}.AppStore|Any CPU.Build.0 = Release|Any CPU
		{99E7178E-7586-47B1-A04D-60C76818D651}.AppStore|Any CPU.Deploy.0 = Release|Any CPU
		{99E7178E-7586-47B1-A04D-60C76818D651}.AppStore|iPhone.ActiveCfg = Release|Any CPU
		{99E7178E-7586-47B1-A04D-60C76818D651}.AppStore|iPhone.Build.0 = Release|Any CPU
		{99E7178E-7586-47B1-A04D-60C76818D651}.AppStore|iPhone.Deploy.0 = Release|Any CPU
		{99E7178E-7586-47B1-A04D-60C76818D651}.AppStore|iPhoneSimulator.ActiveCfg = Release|Any CPU
		{99E7178E-7586-47B1-A04D-60C76818D651}.AppStore|iPhoneSimulator.Build.0 = Release|Any CPU
		{99E7178E-7586-47B1-A04D-60C76818D651}.AppStore|iPhoneSimulator.Deploy.0 = Release|Any CPU
		{99E7178E-7586-47B1-A04D-60C76818D651}.Debug|Any CPU.ActiveCfg = Debug|Any CPU
		{99E7178E-7586-47B1-A04D-60C76818D651}.Debug|Any CPU.Build.0 = Debug|Any CPU
		{99E7178E-7586-47B1-A04D-60C76818D651}.Debug|Any CPU.Deploy.0 = Debug|Any CPU
		{99E7178E-7586-47B1-A04D-60C76818D651}.Debug|iPhone.ActiveCfg = Debug|Any CPU
		{99E7178E-7586-47B1-A04D-60C76818D651}.Debug|iPhone.Build.0 = Debug|Any CPU
		{99E7178E-7586-47B1-A04D-60C76818D651}.Debug|iPhone.Deploy.0 = Debug|Any CPU
		{99E7178E-7586-47B1-A04D-60C76818D651}.Debug|iPhoneSimulator.ActiveCfg = Debug|Any CPU
		{99E7178E-7586-47B1-A04D-60C76818D651}.Debug|iPhoneSimulator.Build.0 = Debug|Any CPU
		{99E7178E-7586-47B1-A04D-60C76818D651}.Debug|iPhoneSimulator.Deploy.0 = Debug|Any CPU
		{99E7178E-7586-47B1-A04D-60C76818D651}.Release|Any CPU.ActiveCfg = Release|Any CPU
		{99E7178E-7586-47B1-A04D-60C76818D651}.Release|Any CPU.Build.0 = Release|Any CPU
		{99E7178E-7586-47B1-A04D-60C76818D651}.Release|Any CPU.Deploy.0 = Release|Any CPU
		{99E7178E-7586-47B1-A04D-60C76818D651}.Release|iPhone.ActiveCfg = Release|Any CPU
		{99E7178E-7586-47B1-A04D-60C76818D651}.Release|iPhone.Build.0 = Release|Any CPU
		{99E7178E-7586-47B1-A04D-60C76818D651}.Release|iPhone.Deploy.0 = Release|Any CPU
		{99E7178E-7586-47B1-A04D-60C76818D651}.Release|iPhoneSimulator.ActiveCfg = Release|Any CPU
		{99E7178E-7586-47B1-A04D-60C76818D651}.Release|iPhoneSimulator.Build.0 = Release|Any CPU
		{99E7178E-7586-47B1-A04D-60C76818D651}.Release|iPhoneSimulator.Deploy.0 = Release|Any CPU
		{BC250EEC-FCD1-491D-AAF5-DD8E663176FE}.Ad-Hoc|Any CPU.ActiveCfg = Ad-Hoc|iPhone
		{BC250EEC-FCD1-491D-AAF5-DD8E663176FE}.Ad-Hoc|Any CPU.Build.0 = Ad-Hoc|iPhone
		{BC250EEC-FCD1-491D-AAF5-DD8E663176FE}.Ad-Hoc|Any CPU.Deploy.0 = Ad-Hoc|iPhone
		{BC250EEC-FCD1-491D-AAF5-DD8E663176FE}.Ad-Hoc|iPhone.ActiveCfg = Ad-Hoc|iPhone
		{BC250EEC-FCD1-491D-AAF5-DD8E663176FE}.Ad-Hoc|iPhone.Build.0 = Ad-Hoc|iPhone
		{BC250EEC-FCD1-491D-AAF5-DD8E663176FE}.Ad-Hoc|iPhone.Deploy.0 = Ad-Hoc|iPhone
		{BC250EEC-FCD1-491D-AAF5-DD8E663176FE}.Ad-Hoc|iPhoneSimulator.ActiveCfg = Ad-Hoc|iPhoneSimulator
		{BC250EEC-FCD1-491D-AAF5-DD8E663176FE}.Ad-Hoc|iPhoneSimulator.Build.0 = Ad-Hoc|iPhoneSimulator
		{BC250EEC-FCD1-491D-AAF5-DD8E663176FE}.Ad-Hoc|iPhoneSimulator.Deploy.0 = Ad-Hoc|iPhoneSimulator
		{BC250EEC-FCD1-491D-AAF5-DD8E663176FE}.AppStore|Any CPU.ActiveCfg = AppStore|iPhone
		{BC250EEC-FCD1-491D-AAF5-DD8E663176FE}.AppStore|Any CPU.Build.0 = AppStore|iPhone
		{BC250EEC-FCD1-491D-AAF5-DD8E663176FE}.AppStore|Any CPU.Deploy.0 = AppStore|iPhone
		{BC250EEC-FCD1-491D-AAF5-DD8E663176FE}.AppStore|iPhone.ActiveCfg = AppStore|iPhone
		{BC250EEC-FCD1-491D-AAF5-DD8E663176FE}.AppStore|iPhone.Build.0 = AppStore|iPhone
		{BC250EEC-FCD1-491D-AAF5-DD8E663176FE}.AppStore|iPhone.Deploy.0 = AppStore|iPhone
		{BC250EEC-FCD1-491D-AAF5-DD8E663176FE}.AppStore|iPhoneSimulator.ActiveCfg = AppStore|iPhoneSimulator
		{BC250EEC-FCD1-491D-AAF5-DD8E663176FE}.AppStore|iPhoneSimulator.Build.0 = AppStore|iPhoneSimulator
		{BC250EEC-FCD1-491D-AAF5-DD8E663176FE}.AppStore|iPhoneSimulator.Deploy.0 = AppStore|iPhoneSimulator
		{BC250EEC-FCD1-491D-AAF5-DD8E663176FE}.Debug|Any CPU.ActiveCfg = Debug|iPhoneSimulator
		{BC250EEC-FCD1-491D-AAF5-DD8E663176FE}.Debug|Any CPU.Build.0 = Debug|iPhoneSimulator
		{BC250EEC-FCD1-491D-AAF5-DD8E663176FE}.Debug|Any CPU.Deploy.0 = Debug|iPhoneSimulator
		{BC250EEC-FCD1-491D-AAF5-DD8E663176FE}.Debug|iPhone.ActiveCfg = Debug|iPhone
		{BC250EEC-FCD1-491D-AAF5-DD8E663176FE}.Debug|iPhone.Build.0 = Debug|iPhone
		{BC250EEC-FCD1-491D-AAF5-DD8E663176FE}.Debug|iPhone.Deploy.0 = Debug|iPhone
		{BC250EEC-FCD1-491D-AAF5-DD8E663176FE}.Debug|iPhoneSimulator.ActiveCfg = Debug|iPhoneSimulator
		{BC250EEC-FCD1-491D-AAF5-DD8E663176FE}.Debug|iPhoneSimulator.Build.0 = Debug|iPhoneSimulator
		{BC250EEC-FCD1-491D-AAF5-DD8E663176FE}.Debug|iPhoneSimulator.Deploy.0 = Debug|iPhoneSimulator
		{BC250EEC-FCD1-491D-AAF5-DD8E663176FE}.Release|Any CPU.ActiveCfg = Release|iPhone
		{BC250EEC-FCD1-491D-AAF5-DD8E663176FE}.Release|Any CPU.Build.0 = Release|iPhone
		{BC250EEC-FCD1-491D-AAF5-DD8E663176FE}.Release|Any CPU.Deploy.0 = Release|iPhone
		{BC250EEC-FCD1-491D-AAF5-DD8E663176FE}.Release|iPhone.ActiveCfg = Release|iPhone
		{BC250EEC-FCD1-491D-AAF5-DD8E663176FE}.Release|iPhone.Build.0 = Release|iPhone
		{BC250EEC-FCD1-491D-AAF5-DD8E663176FE}.Release|iPhone.Deploy.0 = Release|iPhone
		{BC250EEC-FCD1-491D-AAF5-DD8E663176FE}.Release|iPhoneSimulator.ActiveCfg = Release|iPhoneSimulator
		{BC250EEC-FCD1-491D-AAF5-DD8E663176FE}.Release|iPhoneSimulator.Build.0 = Release|iPhoneSimulator
		{BC250EEC-FCD1-491D-AAF5-DD8E663176FE}.Release|iPhoneSimulator.Deploy.0 = Release|iPhoneSimulator
		{D40F76A3-256F-45C8-B38D-333286F830A2}.Ad-Hoc|Any CPU.ActiveCfg = Debug|Any CPU
		{D40F76A3-256F-45C8-B38D-333286F830A2}.Ad-Hoc|Any CPU.Build.0 = Debug|Any CPU
		{D40F76A3-256F-45C8-B38D-333286F830A2}.Ad-Hoc|Any CPU.Deploy.0 = Debug|Any CPU
		{D40F76A3-256F-45C8-B38D-333286F830A2}.Ad-Hoc|iPhone.ActiveCfg = Debug|Any CPU
		{D40F76A3-256F-45C8-B38D-333286F830A2}.Ad-Hoc|iPhone.Build.0 = Debug|Any CPU
		{D40F76A3-256F-45C8-B38D-333286F830A2}.Ad-Hoc|iPhone.Deploy.0 = Debug|Any CPU
		{D40F76A3-256F-45C8-B38D-333286F830A2}.Ad-Hoc|iPhoneSimulator.ActiveCfg = Debug|Any CPU
		{D40F76A3-256F-45C8-B38D-333286F830A2}.Ad-Hoc|iPhoneSimulator.Build.0 = Debug|Any CPU
		{D40F76A3-256F-45C8-B38D-333286F830A2}.Ad-Hoc|iPhoneSimulator.Deploy.0 = Debug|Any CPU
		{D40F76A3-256F-45C8-B38D-333286F830A2}.AppStore|Any CPU.ActiveCfg = Debug|Any CPU
		{D40F76A3-256F-45C8-B38D-333286F830A2}.AppStore|Any CPU.Build.0 = Debug|Any CPU
		{D40F76A3-256F-45C8-B38D-333286F830A2}.AppStore|Any CPU.Deploy.0 = Debug|Any CPU
		{D40F76A3-256F-45C8-B38D-333286F830A2}.AppStore|iPhone.ActiveCfg = Debug|Any CPU
		{D40F76A3-256F-45C8-B38D-333286F830A2}.AppStore|iPhone.Build.0 = Debug|Any CPU
		{D40F76A3-256F-45C8-B38D-333286F830A2}.AppStore|iPhone.Deploy.0 = Debug|Any CPU
		{D40F76A3-256F-45C8-B38D-333286F830A2}.AppStore|iPhoneSimulator.ActiveCfg = Debug|Any CPU
		{D40F76A3-256F-45C8-B38D-333286F830A2}.AppStore|iPhoneSimulator.Build.0 = Debug|Any CPU
		{D40F76A3-256F-45C8-B38D-333286F830A2}.AppStore|iPhoneSimulator.Deploy.0 = Debug|Any CPU
		{D40F76A3-256F-45C8-B38D-333286F830A2}.Debug|Any CPU.ActiveCfg = Debug|Any CPU
		{D40F76A3-256F-45C8-B38D-333286F830A2}.Debug|Any CPU.Build.0 = Debug|Any CPU
		{D40F76A3-256F-45C8-B38D-333286F830A2}.Debug|Any CPU.Deploy.0 = Debug|Any CPU
		{D40F76A3-256F-45C8-B38D-333286F830A2}.Debug|iPhone.ActiveCfg = Debug|Any CPU
		{D40F76A3-256F-45C8-B38D-333286F830A2}.Debug|iPhone.Build.0 = Debug|Any CPU
		{D40F76A3-256F-45C8-B38D-333286F830A2}.Debug|iPhone.Deploy.0 = Debug|Any CPU
		{D40F76A3-256F-45C8-B38D-333286F830A2}.Debug|iPhoneSimulator.ActiveCfg = Debug|Any CPU
		{D40F76A3-256F-45C8-B38D-333286F830A2}.Debug|iPhoneSimulator.Build.0 = Debug|Any CPU
		{D40F76A3-256F-45C8-B38D-333286F830A2}.Debug|iPhoneSimulator.Deploy.0 = Debug|Any CPU
		{D40F76A3-256F-45C8-B38D-333286F830A2}.Release|Any CPU.ActiveCfg = Release|Any CPU
		{D40F76A3-256F-45C8-B38D-333286F830A2}.Release|Any CPU.Build.0 = Release|Any CPU
		{D40F76A3-256F-45C8-B38D-333286F830A2}.Release|Any CPU.Deploy.0 = Release|Any CPU
		{D40F76A3-256F-45C8-B38D-333286F830A2}.Release|iPhone.ActiveCfg = Release|Any CPU
		{D40F76A3-256F-45C8-B38D-333286F830A2}.Release|iPhone.Build.0 = Release|Any CPU
		{D40F76A3-256F-45C8-B38D-333286F830A2}.Release|iPhone.Deploy.0 = Release|Any CPU
		{D40F76A3-256F-45C8-B38D-333286F830A2}.Release|iPhoneSimulator.ActiveCfg = Release|Any CPU
		{D40F76A3-256F-45C8-B38D-333286F830A2}.Release|iPhoneSimulator.Build.0 = Release|Any CPU
		{D40F76A3-256F-45C8-B38D-333286F830A2}.Release|iPhoneSimulator.Deploy.0 = Release|Any CPU
	EndGlobalSection
	GlobalSection(SolutionProperties) = preSolution
		HideSolutionNode = FALSE
	EndGlobalSection
	GlobalSection(ExtensibilityGlobals) = postSolution
		SolutionGuid = {54D70097-6598-4FD6-B53A-88DB8B2F9C5E}
	EndGlobalSection
EndGlobal
